{
  "nodes": {
    "nixpkgs": {
      "locked": {
        "lastModified": 1775549110,
        "narHash": "sha256-gCXSLBI1drlFwYlNqqPS9cFXvraaEGyLS8Sq45p7b/Q=",
        "owner": "NixOS",
        "repo": "nixpkgs",
        "rev": "a3db02183b5da6fbf728203492a5d1b9d109b7f9",
        "type": "github"
      },
      "original": {
        "owner": "NixOS",
        "ref": "nixpkgs-unstable",
        "repo": "nixpkgs",
        "type": "github"
      }
    },
    "nixpkgs_2": {
      "locked": {
        "lastModified": 1770562336,
        "narHash": "sha256-ub1gpAONMFsT/GU2hV6ZWJjur8rJ6kKxdm9IlCT0j84=",
        "owner": "NixOS",
        "repo": "nixpkgs",
        "rev": "d6c71932130818840fc8fe9509cf50be8c64634f",
        "type": "github"
      },
      "original": {
        "owner": "NixOS",
        "ref": "nixos-unstable",
        "repo": "nixpkgs",
        "type": "github"
      }
    },
    "plugins-lze": {
      "flake": false,
      "locked": {
        "lastModified": 1774875775,
        "narHash": "sha256-oYetArRkSVg4fa7RTV36sT2/w8Fz9ijRYXiB7/9dtk4=",
        "owner": "BirdeeHub",
        "repo": "lze",
        "rev": "a09a8291d7b4c48e2af6a8cd3ef55bb8f3c181cd",
        "type": "github"
      },
      "original": {
        "owner": "BirdeeHub",
        "repo": "lze",
        "type": "github"
      }
    },
    "plugins-lzextras": {
      "flake": false,
      "locked": {
        "lastModified": 1774897220,
        "narHash": "sha256-6ULOHXri/VAeRR+XwZ23YwN5xqOnBTBb+SBDgsIIFc8=",
        "owner": "BirdeeHub",
        "repo": "lzextras",
        "rev": "e04b92af006e0357099f2ce023094b22ae4d105d",
        "type": "github"
      },
      "original": {
        "owner": "BirdeeHub",
        "repo": "lzextras",
        "type": "github"
      }
    },
    "plugins-plenary": {
      "flake": false,
      "locked": {
        "lastModified": 1753570668,
        "narHash": "sha256-9Un7ekhBxcnmFE1xjCCFTZ7eqIbmXvQexpnhduAg4M0=",
        "owner": "nvim-lua",
        "repo": "plenary.nvim",
        "rev": "b9fd5226c2f76c951fc8ed5923d85e4de065e509",
        "type": "github"
      },
      "original": {
        "owner": "nvim-lua",
        "repo": "plenary.nvim",
        "type": "github"
      }
    },
    "plugins-yazi": {
      "flake": false,
      "locked": {
        "lastModified": 1775509780,
        "narHash": "sha256-AlxAhyWr3b0JQfjtKzVNEdW3a7E2jbA9YhS8I7AGDfc=",
        "owner": "mikavilpas",
        "repo": "yazi.nvim",
        "rev": "78f7dc1ff5fef3ea60897ec356681f9aa0ed53d8",
        "type": "github"
      },
      "original": {
        "owner": "mikavilpas",
        "repo": "yazi.nvim",
        "type": "github"
      }
    },
    "root": {
      "inputs": {
        "nixpkgs": "nixpkgs",
        "plugins-lze": "plugins-lze",
        "plugins-lzextras": "plugins-lzextras",
        "plugins-plenary": "plugins-plenary",
        "plugins-yazi": "plugins-yazi",
        "tree-sitter": "tree-sitter",
        "wrappers": "wrappers"
      }
    },
    "tree-sitter": {
      "inputs": {
        "nixpkgs": "nixpkgs_2"
      },
      "locked": {
        "lastModified": 1775549418,
        "narHash": "sha256-HmHBvmdkwIoS84qDhbmqMA46NWC+yb3rjn86hnxGjn8=",
        "owner": "tree-sitter",
        "repo": "tree-sitter",
        "rev": "b018c2001870e9a236dcc53afafcdd600685fdee",
        "type": "github"
      },
      "original": {
        "owner": "tree-sitter",
        "repo": "tree-sitter",
        "type": "github"
      }
    },
    "wrappers": {
      "inputs": {
        "nixpkgs": [
          "nixpkgs"
        ]
      },
      "locked": {
        "lastModified": 1775539951,
        "narHash": "sha256-4gaWFOIgIeNuDYxqCpJ3+IuhSLuDswcgTHubc2edC2U=",
        "owner": "BirdeeHub",
        "repo": "nix-wrapper-modules",
        "rev": "5369f45fb04a729074e2c6fe43d9f577318cd853",
        "type": "github"
      },
      "original": {
        "owner": "BirdeeHub",
        "repo": "nix-wrapper-modules",
        "type": "github"
      }
    }
  },
  "root": "root",
  "version": 7
}
